PODS:
  - AZWheelPickerView (0.1.0)
  - FBSnapshotTestCase (1.4)

DEPENDENCIES:
  - AZWheelPickerView (from `../`)
  - FBSnapshotTestCase

EXTERNAL SOURCES:
  AZWheelPickerView:
    :path: ../

SPEC CHECKSUMS:
  AZWheelPickerView: cfb2a2ca5bb61e93970ee972495da6dba683b188
  FBSnapshotTestCase: f9f225b5ba11c8d8c09075590490df16314e4d62

COCOAPODS: 0.35.0
